// !$*UTF8*$!
{
	archiveVersion = 1;
	classes = {
	};
	objectVersion = 50;
	objects = {

/* Begin PBXBuildFile section */
		A9F407EC24E291E000B7A077 /* main.swift in Sources */ = {isa = PBXBuildFile; fileRef = A9F407EB24E291E000B7A077 /* main.swift */; };
		A9F407F824E2922200B7A077 /* CTest.c in Sources */ = {isa = PBXBuildFile; fileRef = A9F407F724E2922200B7A077 /* CTest.c */; };
		A9F407FD24E29AAF00B7A077 /* GenericFunc.c in Sources */ = {isa = PBXBuildFile; fileRef = A9F407FC24E29AAF00B7A077 /* GenericFunc.c */; };
/* End PBXBuildFile section */

/* Begin PBXCopyFilesBuildPhase section */
		A9F407E624E291E000B7A077 /* CopyFiles */ = {
			isa = PBXCopyFilesBuildPhase;
			buildActionMask = 2147483647;
			dstPath = /usr/share/man/man1/;
			dstSubfolderSpec = 0;
			files = (
			);
			runOnlyForDeploymentPostprocessing = 1;
		};
/* End PBXCopyFilesBuildPhase section */

/* Begin PBXFileReference section */
		A9F407E824E291E000B7A077 /* C2Swift */ = {isa = PBXFileReference; explicitFileType = "compiled.mach-o.executable"; includeInIndex = 0; path = C2Swift; sourceTree = BUILT_PRODUCTS_DIR; };
		A9F407EB24E291E000B7A077 /* main.swift */ = {isa = PBXFileReference; lastKnownFileType = sourcecode.swift; path = main.swift; sourceTree = "<group>"; };
		A9F407F524E2922100B7A077 /* C2Swift-Bridging-Header.h */ = {isa = PBXFileReference; lastKnownFileType = sourcecode.c.h; path = "C2Swift-Bridging-Header.h"; sourceTree = "<group>"; };
		A9F407F624E2922200B7A077 /* CTest.h */ = {isa = PBXFileReference; lastKnownFileType = sourcecode.c.h; path = CTest.h; sourceTree = "<group>"; };
		A9F407F724E2922200B7A077 /* CTest.c */ = {isa = PBXFileReference; lastKnownFileType = sourcecode.c.c; path = CTest.c; sourceTree = "<group>"; };
		A9F407FB24E29AAF00B7A077 /* GenericFunc.h */ = {isa = PBXFileReference; lastKnownFileType = sourcecode.c.h; path = GenericFunc.h; sourceTree = "<group>"; };
		A9F407FC24E29AAF00B7A077 /* GenericFunc.c */ = {isa = PBXFileReference; lastKnownFileType = sourcecode.c.c; path = GenericFunc.c; sourceTree = "<group>"; };
/* End PBXFileReference section */

/* Begin PBXFrameworksBuildPhase section */
		A9F407E524E291E000B7A077 /* Frameworks */ = {
			isa = PBXFrameworksBuildPhase;
			buildActionMask = 2147483647;
			files = (
			);
			runOnlyForDeploymentPostprocessing = 0;
		};
/* End PBXFrameworksBuildPhase section */

/* Begin PBXGroup section */
		A9F407DF24E291E000B7A077 = {
			isa = PBXGroup;
			children = (
				A9F407EA24E291E000B7A077 /* C2Swift */,
				A9F407E924E291E000B7A077 /* Products */,
			);
			sourceTree = "<group>";
		};
		A9F407E924E291E000B7A077 /* Products */ = {
			isa = PBXGroup;
			children = (
				A9F407E824E291E000B7A077 /* C2Swift */,
			);
			name = Products;
			sourceTree = "<group>";
		};
		A9F407EA24E291E000B7A077 /* C2Swift */ = {
			isa = PBXGroup;
			children = (
				A9F407EB24E291E000B7A077 /* main.swift */,
				A9F407FA24E29A9200B7A077 /* GenericMain */,
				A9F407F924E29A6F00B7A077 /* CreateFile */,
				A9F407F524E2922100B7A077 /* C2Swift-Bridging-Header.h */,
			);
			path = C2Swift;
			sourceTree = "<group>";
		};
		A9F407F924E29A6F00B7A077 /* CreateFile */ = {
			isa = PBXGroup;
			children = (
				A9F407F624E2922200B7A077 /* CTest.h */,
				A9F407F724E2922200B7A077 /* CTest.c */,
			);
			path = CreateFile;
			sourceTree = "<group>";
		};
		A9F407FA24E29A9200B7A077 /* GenericMain */ = {
			isa = PBXGroup;
			children = (
				A9F407FB24E29AAF00B7A077 /* GenericFunc.h */,
				A9F407FC24E29AAF00B7A077 /* GenericFunc.c */,
			);
			path = GenericMain;
			sourceTree = "<group>";
		};
/* End PBXGroup section */

/* Begin PBXNativeTarget section */
		A9F407E724E291E000B7A077 /* C2Swift */ = {
			isa = PBXNativeTarget;
			buildConfigurationList = A9F407EF24E291E000B7A077 /* Build configuration list for PBXNativeTarget "C2Swift" */;
			buildPhases = (
				A9F407E424E291E000B7A077 /* Sources */,
				A9F407E524E291E000B7A077 /* Frameworks */,
				A9F407E624E291E000B7A077 /* CopyFiles */,
			);
			buildRules = (
			);
			dependencies = (
			);
			name = C2Swift;
			productName = C2Swift;
			productReference = A9F407E824E291E000B7A077 /* C2Swift */;
			productType = "com.apple.product-type.tool";
		};
/* End PBXNativeTarget section */

/* Begin PBXProject section */
		A9F407E024E291E000B7A077 /* Project object */ = {
			isa = PBXProject;
			attributes = {
				LastSwiftUpdateCheck = 1200;
				LastUpgradeCheck = 1200;
				TargetAttributes = {
					A9F407E724E291E000B7A077 = {
						CreatedOnToolsVersion = 12.0;
						LastSwiftMigration = 1200;
					};
				};
			};
			buildConfigurationList = A9F407E324E291E000B7A077 /* Build configuration list for PBXProject "C2Swift" */;
			compatibilityVersion = "Xcode 9.3";
			developmentRegion = en;
			hasScannedForEncodings = 0;
			knownRegions = (
				en,
				Base,
			);
			mainGroup = A9F407DF24E291E000B7A077;
			productRefGroup = A9F407E924E291E000B7A077 /* Products */;
			projectDirPath = "";
			projectRoot = "";
			targets = (
				A9F407E724E291E000B7A077 /* C2Swift */,
			);
		};
/* End PBXProject section */

/* Begin PBXSourcesBuildPhase section */
		A9F407E424E291E000B7A077 /* Sources */ = {
			isa = PBXSourcesBuildPhase;
			buildActionMask = 2147483647;
			files = (
				A9F407EC24E291E000B7A077 /* main.swift in Sources */,
				A9F407F824E2922200B7A077 /* CTest.c in Sources */,
				A9F407FD24E29AAF00B7A077 /* GenericFunc.c in Sources */,
			);
			runOnlyForDeploymentPostprocessing = 0;
		};
/* End PBXSourcesBuildPhase section */

/* Begin XCBuildConfiguration section */
		A9F407ED24E291E000B7A077 /* Debug */ = {
			isa = XCBuildConfiguration;
			buildSettings = {
				ALWAYS_SEARCH_USER_PATHS = NO;
				CLANG_ANALYZER_NONNULL = YES;
				CLANG_ANALYZER_NUMBER_OBJECT_CONVERSION = YES_AGGRESSIVE;
				CLANG_CXX_LANGUAGE_STANDARD = "gnu++14";
				CLANG_CXX_LIBRARY = "libc++";
				CLANG_ENABLE_MODULES = YES;
				CLANG_ENABLE_OBJC_ARC = YES;
				CLANG_ENABLE_OBJC_WEAK = YES;
				CLANG_WARN_BLOCK_CAPTURE_AUTORELEASING = YES;
				CLANG_WARN_BOOL_CONVERSION = YES;
				CLANG_WARN_COMMA = YES;
				CLANG_WARN_CONSTANT_CONVERSION = YES;
				CLANG_WARN_DEPRECATED_OBJC_IMPLEMENTATIONS = YES;
				CLANG_WARN_DIRECT_OBJC_ISA_USAGE = YES_ERROR;
				CLANG_WARN_DOCUMENTATION_COMMENTS = YES;
				CLANG_WARN_EMPTY_BODY = YES;
				CLANG_WARN_ENUM_CONVERSION = YES;
				CLANG_WARN_INFINITE_RECURSION = YES;
				CLANG_WARN_INT_CONVERSION = YES;
				CLANG_WARN_NON_LITERAL_NULL_CONVERSION = YES;
				CLANG_WARN_OBJC_IMPLICIT_RETAIN_SELF = YES;
				CLANG_WARN_OBJC_LITERAL_CONVERSION = YES;
				CLANG_WARN_OBJC_ROOT_CLASS = YES_ERROR;
				CLANG_WARN_QUOTED_INCLUDE_IN_FRAMEWORK_HEADER = YES;
				CLANG_WARN_RANGE_LOOP_ANALYSIS = YES;
				CLANG_WARN_STRICT_PROTOTYPES = YES;
				CLANG_WARN_SUSPICIOUS_MOVE = YES;
				CLANG_WARN_UNGUARDED_AVAILABILITY = YES_AGGRESSIVE;
				CLANG_WARN_UNREACHABLE_CODE = YES;
				CLANG_WARN__DUPLICATE_METHOD_MATCH = YES;
				COPY_PHASE_STRIP = NO;
				DEBUG_INFORMATION_FORMAT = dwarf;
				ENABLE_STRICT_OBJC_MSGSEND = YES;
				ENABLE_TESTABILITY = YES;
				GCC_C_LANGUAGE_STANDARD = gnu11;
				GCC_DYNAMIC_NO_PIC = NO;
				GCC_NO_COMMON_BLOCKS = YES;
				GCC_OPTIMIZATION_LEVEL = 0;
				GCC_PREPROCESSOR_DEFINITIONS = (
					"DEBUG=1",
					"$(inherited)",
				);
				GCC_WARN_64_TO_32_BIT_CONVERSION = YES;
				GCC_WARN_ABOUT_RETURN_TYPE = YES_ERROR;
				GCC_WARN_UNDECLARED_SELECTOR = YES;
				GCC_WARN_UNINITIALIZED_AUTOS = YES_AGGRESSIVE;
				GCC_WARN_UNUSED_FUNCTION = YES;
				GCC_WARN_UNUSED_VARIABLE = YES;
				MACOSX_DEPLOYMENT_TARGET = 10.15;
				MTL_ENABLE_DEBUG_INFO = INCLUDE_SOURCE;
				MTL_FAST_MATH = YES;
				ONLY_ACTIVE_ARCH = YES;
				SDKROOT = macosx;
				SWIFT_ACTIVE_COMPILATION_CONDITIONS = DEBUG;
				SWIFT_OPTIMIZATION_LEVEL = "-Onone";
			};
			name = Debug;
		};
		A9F407EE24E291E000B7A077 /* Release */ = {
			isa = XCBuildConfiguration;
			buildSettings = {
				ALWAYS_SEARCH_USER_PATHS = NO;
				CLANG_ANALYZER_NONNULL = YES;
				CLANG_ANALYZER_NUMBER_OBJECT_CONVERSION = YES_AGGRESSIVE;
				CLANG_CXX_LANGUAGE_STANDARD = "gnu++14";
				CLANG_CXX_LIBRARY = "libc++";
				CLANG_ENABLE_MODULES = YES;
				CLANG_ENABLE_OBJC_ARC = YES;
				CLANG_ENABLE_OBJC_WEAK = YES;
				CLANG_WARN_BLOCK_CAPTURE_AUTORELEASING = YES;
				CLANG_WARN_BOOL_CONVERSION = YES;
				CLANG_WARN_COMMA = YES;
				CLANG_WARN_CONSTANT_CONVERSION = YES;
				CLANG_WARN_DEPRECATED_OBJC_IMPLEMENTATIONS = YES;
				CLANG_WARN_DIRECT_OBJC_ISA_USAGE = YES_ERROR;
				CLANG_WARN_DOCUMENTATION_COMMENTS = YES;
				CLANG_WARN_EMPTY_BODY = YES;
				CLANG_WARN_ENUM_CONVERSION = YES;
				CLANG_WARN_INFINITE_RECURSION = YES;
				CLANG_WARN_INT_CONVERSION = YES;
				CLANG_WARN_NON_LITERAL_NULL_CONVERSION = YES;
				CLANG_WARN_OBJC_IMPLICIT_RETAIN_SELF = YES;
				CLANG_WARN_OBJC_LITERAL_CONVERSION = YES;
				CLANG_WARN_OBJC_ROOT_CLASS = YES_ERROR;
				CLANG_WARN_QUOTED_INCLUDE_IN_FRAMEWORK_HEADER = YES;
				CLANG_WARN_RANGE_LOOP_ANALYSIS = YES;
				CLANG_WARN_STRICT_PROTOTYPES = YES;
				CLANG_WARN_SUSPICIOUS_MOVE = YES;
				CLANG_WARN_UNGUARDED_AVAILABILITY = YES_AGGRESSIVE;
				CLANG_WARN_UNREACHABLE_CODE = YES;
				CLANG_WARN__DUPLICATE_METHOD_MATCH = YES;
				COPY_PHASE_STRIP = NO;
				DEBUG_INFORMATION_FORMAT = "dwarf-with-dsym";
				ENABLE_NS_ASSERTIONS = NO;
				ENABLE_STRICT_OBJC_MSGSEND = YES;
				GCC_C_LANGUAGE_STANDARD = gnu11;
				GCC_NO_COMMON_BLOCKS = YES;
				GCC_WARN_64_TO_32_BIT_CONVERSION = YES;
				GCC_WARN_ABOUT_RETURN_TYPE = YES_ERROR;
				GCC_WARN_UNDECLARED_SELECTOR = YES;
				GCC_WARN_UNINITIALIZED_AUTOS = YES_AGGRESSIVE;
				GCC_WARN_UNUSED_FUNCTION = YES;
				GCC_WARN_UNUSED_VARIABLE = YES;
				MACOSX_DEPLOYMENT_TARGET = 10.15;
				MTL_ENABLE_DEBUG_INFO = NO;
				MTL_FAST_MATH = YES;
				SDKROOT = macosx;
				SWIFT_COMPILATION_MODE = wholemodule;
				SWIFT_OPTIMIZATION_LEVEL = "-O";
			};
			name = Release;
		};
		A9F407F024E291E000B7A077 /* Debug */ = {
			isa = XCBuildConfiguration;
			buildSettings = {
				CLANG_ENABLE_MODULES = YES;
				CODE_SIGN_STYLE = Automatic;
				DEVELOPMENT_TEAM = LH8V3PVJSF;
				ENABLE_HARDENED_RUNTIME = YES;
				LD_RUNPATH_SEARCH_PATHS = (
					"$(inherited)",
					"@executable_path/../Frameworks",
					"@loader_path/../Frameworks",
				);
				PRODUCT_NAME = "$(TARGET_NAME)";
				SWIFT_OBJC_BRIDGING_HEADER = "C2Swift/C2Swift-Bridging-Header.h";
				SWIFT_OPTIMIZATION_LEVEL = "-Onone";
				SWIFT_VERSION = 5.0;
			};
			name = Debug;
		};
		A9F407F124E291E000B7A077 /* Release */ = {
			isa = XCBuildConfiguration;
			buildSettings = {
				CLANG_ENABLE_MODULES = YES;
				CODE_SIGN_STYLE = Automatic;
				DEVELOPMENT_TEAM = LH8V3PVJSF;
				ENABLE_HARDENED_RUNTIME = YES;
				LD_RUNPATH_SEARCH_PATHS = (
					"$(inherited)",
					"@executable_path/../Frameworks",
					"@loader_path/../Frameworks",
				);
				PRODUCT_NAME = "$(TARGET_NAME)";
				SWIFT_OBJC_BRIDGING_HEADER = "C2Swift/C2Swift-Bridging-Header.h";
				SWIFT_VERSION = 5.0;
			};
			name = Release;
		};
/* End XCBuildConfiguration section */

/* Begin XCConfigurationList section */
		A9F407E324E291E000B7A077 /* Build configuration list for PBXProject "C2Swift" */ = {
			isa = XCConfigurationList;
			buildConfigurations = (
				A9F407ED24E291E000B7A077 /* Debug */,
				A9F407EE24E291E000B7A077 /* Release */,
			);
			defaultConfigurationIsVisible = 0;
			defaultConfigurationName = Release;
		};
		A9F407EF24E291E000B7A077 /* Build configuration list for PBXNativeTarget "C2Swift" */ = {
			isa = XCConfigurationList;
			buildConfigurations = (
				A9F407F024E291E000B7A077 /* Debug */,
				A9F407F124E291E000B7A077 /* Release */,
			);
			defaultConfigurationIsVisible = 0;
			defaultConfigurationName = Release;
		};
/* End XCConfigurationList section */
	};
	rootObject = A9F407E024E291E000B7A077 /* Project object */;
}
